{
  "originHash" : "262c1406044e360a02670a08deb806959457a617dd94eab68cdd920108887d72",
  "pins" : [
    {
      "identity" : "libwebp-ios",
      "kind" : "remoteSourceControl",
      "location" : "https://github.com/awxkee/libwebp-ios.git",
      "state" : {
        "revision" : "09ab26afc64c55a49332c396c4b465c278fcb05f",
        "version" : "1.1.1"
      }
    },
    {
      "identity" : "webp.swift",
      "kind" : "remoteSourceControl",
      "location" : "https://github.com/awxkee/webp.swift.git",
      "state" : {
        "revision" : "10562e79e338de46e70f0f5c67b24cb90e02adb2",
        "version" : "1.1.2"
      }
    }
  ],
  "version" : 3
}
